{
  "originHash" : "00230362f0f9130af57d5522a8df11be479bb4faa37b7c59ff0aa3e86c3045fb",
  "pins" : [
    {
      "identity" : "checkout-sheet-kit-swift",
      "kind" : "remoteSourceControl",
      "location" : "https://github.com/Shopify/checkout-sheet-kit-swift",
      "state" : {
        "revision" : "3760e2ec62043d1d29a374c0a07a73c7ad22dd6a",
        "version" : "3.8.2"
      }
    }
  ],
  "version" : 3
}
